
Microsoft Visual Studio Solution File, Format Version 12.00
# Visual Studio Version 17
VisualStudioVersion = 17.1.32319.34
MinimumVisualStudioVersion = 10.0.40219.1
Project("{9A19103F-16F7-4668-BE54-9A1E7A4F7556}") = "SimpleCmsBlazor", "SimpleCmsBlazor\SimpleCmsBlazor.csproj", "{37091B82-D8E4-4122-88EF-AF067033D6E8}"
EndProject
Project("{9A19103F-16F7-4668-BE54-9A1E7A4F7556}") = "SimpleCmsBlazorTests", "SimpleCmsBlazor.Tests\SimpleCmsBlazorTests.csproj", "{94F97934-804C-482B-94DB-69751F7D2FFD}"
EndProject
Project("{9A19103F-16F7-4668-BE54-9A1E7A4F7556}") = "SimpleCmsBlazor.Services", "SimpleCmsBlazor.Services\SimpleCmsBlazor.Services.csproj", "{3A8A3357-325A-4B93-96B8-410D9A78A1BD}"
EndProject
Global
	GlobalSection(SolutionConfigurationPlatforms) = preSolution
		Debug|Any CPU = Debug|Any CPU
		Release|Any CPU = Release|Any CPU
	EndGlobalSection
	GlobalSection(ProjectConfigurationPlatforms) = postSolution
		{37091B82-D8E4-4122-88EF-AF067033D6E8}.Debug|Any CPU.ActiveCfg = Debug|Any CPU
		{37091B82-D8E4-4122-88EF-AF067033D6E8}.Debug|Any CPU.Build.0 = Debug|Any CPU
		{37091B82-D8E4-4122-88EF-AF067033D6E8}.Release|Any CPU.ActiveCfg = Release|Any CPU
		{37091B82-D8E4-4122-88EF-AF067033D6E8}.Release|Any CPU.Build.0 = Release|Any CPU
		{94F97934-804C-482B-94DB-69751F7D2FFD}.Debug|Any CPU.ActiveCfg = Debug|Any CPU
		{94F97934-804C-482B-94DB-69751F7D2FFD}.Debug|Any CPU.Build.0 = Debug|Any CPU
		{94F97934-804C-482B-94DB-69751F7D2FFD}.Release|Any CPU.ActiveCfg = Release|Any CPU
		{94F97934-804C-482B-94DB-69751F7D2FFD}.Release|Any CPU.Build.0 = Release|Any CPU
		{3A8A3357-325A-4B93-96B8-410D9A78A1BD}.Debug|Any CPU.ActiveCfg = Debug|Any CPU
		{3A8A3357-325A-4B93-96B8-410D9A78A1BD}.Debug|Any CPU.Build.0 = Debug|Any CPU
		{3A8A3357-325A-4B93-96B8-410D9A78A1BD}.Release|Any CPU.ActiveCfg = Release|Any CPU
		{3A8A3357-325A-4B93-96B8-410D9A78A1BD}.Release|Any CPU.Build.0 = Release|Any CPU
	EndGlobalSection
	GlobalSection(SolutionProperties) = preSolution
		HideSolutionNode = FALSE
	EndGlobalSection
	GlobalSection(ExtensibilityGlobals) = postSolution
		SolutionGuid = {8B83D5D1-0401-4DFA-A188-B90349754359}
	EndGlobalSection
EndGlobal
